# This file is automatically @generated by Cargo.
# It is not intended for manual editing.
version = 4

[[package]]
name = "game"
version = "0.1.0"
dependencies = [
 "game_engine",
]

[[package]]
name = "game_engine"
version = "0.1.0"

[[package]]
name = "game_examples"
version = "0.1.0"
dependencies = [
 "game_engine",
]

[[package]]
name = "game_tests"
version = "0.1.0"
dependencies = [
 "game_engine",
]

[[package]]
name = "game_tools"
version = "0.1.0"
