# This file is automatically @generated by Cargo.
# It is not intended for manual editing.
version = 4

[[package]]
name = "planet-crafter-examples"
version = "0.1.0"
dependencies = [
 "planet_crafter_engine",
]

[[package]]
name = "planet-crafter-game"
version = "0.1.0"
dependencies = [
 "planet_crafter_engine",
]

[[package]]
name = "planet-crafter-tests"
version = "0.1.0"
dependencies = [
 "planet_crafter_engine",
]

[[package]]
name = "planet-crafter-tools"
version = "0.1.0"

[[package]]
name = "planet_crafter_engine"
version = "0.1.0"
